{
  "name": "PolarApp",
  "version": "0.0.1",
  "lockfileVersion": 1,
  "requires": true,
  "dependencies": {
    "@ionic-native/core": {
      "version": "4.2.1",
      "resolved": "https://registry.npmjs.org/@ionic-native/core/-/core-4.2.1.tgz",
      "integrity": "sha512-g1lCVpBzOMTQfJCDMt0PMNwxBGu4GdPFYLtT7wCH8aMDdVuNl2+77KomV6x7kJWm3c6+BUIgSr4RqY1W0THiYA=="
    },
    "@ionic-native/in-app-browser": {
      "version": "4.2.1",
      "resolved": "https://registry.npmjs.org/@ionic-native/in-app-browser/-/in-app-browser-4.2.1.tgz",
      "integrity": "sha512-GpCteFadxCC+qYamghYfEfiwiZaB0TVVB7nA2oQzxDXeBlWpa7UYiSimH1F5TzSemDjz6jcBJk/JRy8+torYvQ=="
    },
    "@ionic-native/splash-screen": {
      "version": "4.2.1",
      "resolved": "https://registry.npmjs.org/@ionic-native/splash-screen/-/splash-screen-4.2.1.tgz",
      "integrity": "sha512-uRHGH0Bu7gAjuO9XirLNE2OnP0y9Jll96IgNdZ5pSlQFuNsy4K0vrGGEWgQy5lCKzt3T4ve8ojoqxYOu3D9Arw=="
    },
    "@ionic-native/sqlite": {
      "version": "4.4.2",
      "resolved": "https://registry.npmjs.org/@ionic-native/sqlite/-/sqlite-4.4.2.tgz",
      "integrity": "sha512-718vyJa3kz4zkGLP/9l1zCGYluhOLcp29lfO4RLQQYqOnKPO+ZOybcUmn4qQjTrMMWf/gJUQD9tStpamUd0ZlA=="
    },
    "@ionic-native/sqlite-porter": {
      "version": "4.4.2",
      "resolved": "https://registry.npmjs.org/@ionic-native/sqlite-porter/-/sqlite-porter-4.4.2.tgz",
      "integrity": "sha512-U6+DAmkkmsFYfI3Zm9+je6ZGQ5QflSRmrDU7yGh0PpYmGgIyKKngIU+bxs+2XJsos4xaVbaNKu3pGsA37Niphw=="
    },
    "@ionic-native/status-bar": {
      "version": "4.2.1",
      "resolved": "https://registry.npmjs.org/@ionic-native/status-bar/-/status-bar-4.2.1.tgz",
      "integrity": "sha512-ACVXvQ9CR+7UsE+kAUmNSmd2HTmt3HbMLckSrfxKJAM2fMB2nmAkf6MxiwQCAPFWhKnbm+uKP5oviAHTlSPdvw=="
    },
    "@ionic/storage": {
      "version": "2.1.3",
      "resolved": "https://registry.npmjs.org/@ionic/storage/-/storage-2.1.3.tgz",
      "integrity": "sha512-/i3Vn2jNBqteAm5FuGCNei5oJlFQB2JYFkH3nR5f5i7X4kRz17XAsAKXVQjyR9wiye8HmxglIz05JsC92nYUjQ==",
      "requires": {
        "@types/localforage": "0.0.30",
        "localforage": "1.4.3",
        "localforage-cordovasqlitedriver": "1.5.0"
      }
    },
    "@mapbox/togeojson": {
      "version": "0.16.0",
      "resolved": "https://registry.npmjs.org/@mapbox/togeojson/-/togeojson-0.16.0.tgz",
      "integrity": "sha1-WygwAQeEMYIdx04oesr1ahHOs3w=",
      "requires": {
        "concat-stream": "1.5.2",
        "minimist": "1.2.0",
        "xmldom": "0.1.27"
      },
      "dependencies": {
        "concat-stream": {
          "version": "1.5.2",
          "resolved": "https://registry.npmjs.org/concat-stream/-/concat-stream-1.5.2.tgz",
          "integrity": "sha1-cIl4Yk2FavQaWnQd790mHadSwmY=",
          "requires": {
            "inherits": "2.0.3",
            "readable-stream": "2.0.6",
            "typedarray": "0.0.6"
          }
        },
        "isarray": {
          "version": "1.0.0",
          "resolved": "https://registry.npmjs.org/isarray/-/isarray-1.0.0.tgz",
          "integrity": "sha1-u5NdSFgsuhaMBoNJV6VKPgcSTxE="
        },
        "readable-stream": {
          "version": "2.0.6",
          "resolved": "https://registry.npmjs.org/readable-stream/-/readable-stream-2.0.6.tgz",
          "integrity": "sha1-j5A0HmilPMySh4jaz80Rs265t44=",
          "requires": {
            "core-util-is": "1.0.2",
            "inherits": "2.0.3",
            "isarray": "1.0.0",
            "process-nextick-args": "1.0.7",
            "string_decoder": "0.10.31",
            "util-deprecate": "1.0.2"
          }
        }
      }
    },
    "@types/localforage": {
      "version": "0.0.30",
      "resolved": "https://registry.npmjs.org/@types/localforage/-/localforage-0.0.30.tgz",
      "integrity": "sha1-PWCmv23aOOP4pGlhFZg3nx9klQk="
    },
    "acorn": {
      "version": "1.2.2",
      "resolved": "https://registry.npmjs.org/acorn/-/acorn-1.2.2.tgz",
      "integrity": "sha1-yM4n3grMdtiW0rH6099YjZ6C8BQ="
    },
    "amdefine": {
      "version": "1.0.1",
      "resolved": "https://registry.npmjs.org/amdefine/-/amdefine-1.0.1.tgz",
      "integrity": "sha1-SlKCrBZHKek2Gbz9OtFR+BfOkfU="
    },
    "ast-types": {
      "version": "0.8.15",
      "resolved": "https://registry.npmjs.org/ast-types/-/ast-types-0.8.15.tgz",
      "integrity": "sha1-ju8IJ/BN/w7IhXupJavj/qYZTlI="
    },
    "base62": {
      "version": "0.1.1",
      "resolved": "https://registry.npmjs.org/base62/-/base62-0.1.1.tgz",
      "integrity": "sha1-e0F0wvlESXU7EcJlHAg9qEGnsIQ="
    },
    "brfs": {
      "version": "1.4.3",
      "resolved": "https://registry.npmjs.org/brfs/-/brfs-1.4.3.tgz",
      "integrity": "sha1-22ddb16SPm3wh/ylhZyQkKrtMhY=",
      "requires": {
        "quote-stream": "1.0.2",
        "resolve": "1.5.0",
        "static-module": "1.5.0",
        "through2": "2.0.3"
      },
      "dependencies": {
        "isarray": {
          "version": "1.0.0",
          "resolved": "https://registry.npmjs.org/isarray/-/isarray-1.0.0.tgz",
          "integrity": "sha1-u5NdSFgsuhaMBoNJV6VKPgcSTxE="
        },
        "readable-stream": {
          "version": "2.3.3",
          "resolved": "https://registry.npmjs.org/readable-stream/-/readable-stream-2.3.3.tgz",
          "integrity": "sha512-m+qzzcn7KUxEmd1gMbchF+Y2eIUbieUaxkWtptyHywrX0rE8QEYqPC07Vuy4Wm32/xE16NcdBctb8S0Xe/5IeQ==",
          "requires": {
            "core-util-is": "1.0.2",
            "inherits": "2.0.3",
            "isarray": "1.0.0",
            "process-nextick-args": "1.0.7",
            "safe-buffer": "5.1.1",
            "string_decoder": "1.0.3",
            "util-deprecate": "1.0.2"
          }
        },
        "string_decoder": {
          "version": "1.0.3",
          "resolved": "https://registry.npmjs.org/string_decoder/-/string_decoder-1.0.3.tgz",
          "integrity": "sha512-4AH6Z5fzNNBcH+6XDMfA/BTt87skxqJlO0lAh3Dker5zThcAxG6mKz+iGu308UKoPPQ8Dcqx/4JhujzltRa+hQ==",
          "requires": {
            "safe-buffer": "5.1.1"
          }
        },
        "through2": {
          "version": "2.0.3",
          "resolved": "https://registry.npmjs.org/through2/-/through2-2.0.3.tgz",
          "integrity": "sha1-AARWmzfHx0ujnEPzzteNGtlBQL4=",
          "requires": {
            "readable-stream": "2.3.3",
            "xtend": "4.0.1"
          }
        }
      }
    },
    "buffer-equal": {
      "version": "0.0.1",
      "resolved": "https://registry.npmjs.org/buffer-equal/-/buffer-equal-0.0.1.tgz",
      "integrity": "sha1-kbx0sR6kBbyRa8aqkI+q+ltKrEs="
    },
    "chart.js": {
      "version": "2.7.0",
      "resolved": "https://registry.npmjs.org/chart.js/-/chart.js-2.7.0.tgz",
      "integrity": "sha1-Mw277gxmGZ63FfYPv4ykApYJpSk=",
      "requires": {
        "chartjs-color": "2.2.0",
        "moment": "2.18.1"
      }
    },
    "chartjs-color": {
      "version": "2.2.0",
      "resolved": "https://registry.npmjs.org/chartjs-color/-/chartjs-color-2.2.0.tgz",
      "integrity": "sha1-hKL7dVeH7YXDndbdjHsdiEKbrq4=",
      "requires": {
        "chartjs-color-string": "0.5.0",
        "color-convert": "0.5.3"
      },
      "dependencies": {
        "color-convert": {
          "version": "0.5.3",
          "resolved": "https://registry.npmjs.org/color-convert/-/color-convert-0.5.3.tgz",
          "integrity": "sha1-vbbGnOZg+t/+CwAHzER+G59ygr0="
        }
      }
    },
    "chartjs-color-string": {
      "version": "0.5.0",
      "resolved": "https://registry.npmjs.org/chartjs-color-string/-/chartjs-color-string-0.5.0.tgz",
      "integrity": "sha512-amWNvCOXlOUYxZVDSa0YOab5K/lmEhbFNKI55PWc4mlv28BDzA7zaoQTGxSBgJMHIW+hGX8YUrvw/FH4LyhwSQ==",
      "requires": {
        "color-name": "1.1.3"
      }
    },
    "color-name": {
      "version": "1.1.3",
      "resolved": "https://registry.npmjs.org/color-name/-/color-name-1.1.3.tgz",
      "integrity": "sha1-p9BVi9icQveV3UIyj3QIMcpTvCU="
    },
    "concat-stream": {
      "version": "1.6.0",
      "resolved": "https://registry.npmjs.org/concat-stream/-/concat-stream-1.6.0.tgz",
      "integrity": "sha1-CqxmL9Ur54lk1VMvaUeE5wEQrPc=",
      "requires": {
        "inherits": "2.0.3",
        "readable-stream": "2.3.3",
        "typedarray": "0.0.6"
      },
      "dependencies": {
        "isarray": {
          "version": "1.0.0",
          "resolved": "https://registry.npmjs.org/isarray/-/isarray-1.0.0.tgz",
          "integrity": "sha1-u5NdSFgsuhaMBoNJV6VKPgcSTxE="
        },
        "readable-stream": {
          "version": "2.3.3",
          "resolved": "https://registry.npmjs.org/readable-stream/-/readable-stream-2.3.3.tgz",
          "integrity": "sha512-m+qzzcn7KUxEmd1gMbchF+Y2eIUbieUaxkWtptyHywrX0rE8QEYqPC07Vuy4Wm32/xE16NcdBctb8S0Xe/5IeQ==",
          "requires": {
            "core-util-is": "1.0.2",
            "inherits": "2.0.3",
            "isarray": "1.0.0",
            "process-nextick-args": "1.0.7",
            "safe-buffer": "5.1.1",
            "string_decoder": "1.0.3",
            "util-deprecate": "1.0.2"
          }
        },
        "string_decoder": {
          "version": "1.0.3",
          "resolved": "https://registry.npmjs.org/string_decoder/-/string_decoder-1.0.3.tgz",
          "integrity": "sha512-4AH6Z5fzNNBcH+6XDMfA/BTt87skxqJlO0lAh3Dker5zThcAxG6mKz+iGu308UKoPPQ8Dcqx/4JhujzltRa+hQ==",
          "requires": {
            "safe-buffer": "5.1.1"
          }
        }
      }
    },
    "cordova-android": {
      "version": "6.2.3",
      "resolved": "https://registry.npmjs.org/cordova-android/-/cordova-android-6.2.3.tgz",
      "integrity": "sha1-JJ8hts5fHxyEenq4OxaQnb7Vqig=",
      "requires": {
        "cordova-common": "2.0.2",
        "elementtree": "0.1.6",
        "nopt": "3.0.6",
        "properties-parser": "0.2.3",
        "q": "1.5.0",
        "shelljs": "0.5.3"
      },
      "dependencies": {
        "abbrev": {
          "version": "1.1.0",
          "bundled": true
        },
        "ansi": {
          "version": "0.3.1",
          "bundled": true
        },
        "balanced-match": {
          "version": "0.4.2",
          "bundled": true
        },
        "base64-js": {
          "version": "0.0.8",
          "bundled": true
        },
        "big-integer": {
          "version": "1.6.22",
          "bundled": true
        },
        "bplist-parser": {
          "version": "0.1.1",
          "bundled": true,
          "requires": {
            "big-integer": "1.6.22"
          }
        },
        "brace-expansion": {
          "version": "1.1.7",
          "bundled": true,
          "requires": {
            "balanced-match": "0.4.2",
            "concat-map": "0.0.1"
          }
        },
        "concat-map": {
          "version": "0.0.1",
          "bundled": true
        },
        "cordova-common": {
          "version": "2.0.2",
          "bundled": true,
          "requires": {
            "ansi": "0.3.1",
            "bplist-parser": "0.1.1",
            "cordova-registry-mapper": "1.1.15",
            "elementtree": "0.1.6",
            "glob": "5.0.15",
            "minimatch": "3.0.3",
            "osenv": "0.1.4",
            "plist": "1.2.0",
            "q": "1.5.0",
            "semver": "5.3.0",
            "shelljs": "0.5.3",
            "underscore": "1.8.3",
            "unorm": "1.4.1"
          }
        },
        "cordova-registry-mapper": {
          "version": "1.1.15",
          "bundled": true
        },
        "elementtree": {
          "version": "0.1.6",
          "bundled": true,
          "requires": {
            "sax": "0.3.5"
          }
        },
        "glob": {
          "version": "5.0.15",
          "bundled": true,
          "requires": {
            "inflight": "1.0.6",
            "inherits": "2.0.3",
            "minimatch": "3.0.3",
            "once": "1.4.0",
            "path-is-absolute": "1.0.1"
          }
        },
        "inflight": {
          "version": "1.0.6",
          "bundled": true,
          "requires": {
            "once": "1.4.0",
            "wrappy": "1.0.2"
          }
        },
        "inherits": {
          "version": "2.0.3",
          "bundled": true
        },
        "lodash": {
          "version": "3.10.1",
          "bundled": true
        },
        "minimatch": {
          "version": "3.0.3",
          "bundled": true,
          "requires": {
            "brace-expansion": "1.1.7"
          }
        },
        "nopt": {
          "version": "3.0.6",
          "bundled": true,
          "requires": {
            "abbrev": "1.1.0"
          }
        },
        "once": {
          "version": "1.4.0",
          "bundled": true,
          "requires": {
            "wrappy": "1.0.2"
          }
        },
        "os-homedir": {
          "version": "1.0.2",
          "bundled": true
        },
        "os-tmpdir": {
          "version": "1.0.2",
          "bundled": true
        },
        "osenv": {
          "version": "0.1.4",
          "bundled": true,
          "requires": {
            "os-homedir": "1.0.2",
            "os-tmpdir": "1.0.2"
          }
        },
        "path-is-absolute": {
          "version": "1.0.1",
          "bundled": true
        },
        "plist": {
          "version": "1.2.0",
          "bundled": true,
          "requires": {
            "base64-js": "0.0.8",
            "util-deprecate": "1.0.2",
            "xmlbuilder": "4.0.0",
            "xmldom": "0.1.27"
          }
        },
        "properties-parser": {
          "version": "0.2.3",
          "bundled": true
        },
        "q": {
          "version": "1.5.0",
          "bundled": true
        },
        "sax": {
          "version": "0.3.5",
          "bundled": true
        },
        "semver": {
          "version": "5.3.0",
          "bundled": true
        },
        "shelljs": {
          "version": "0.5.3",
          "bundled": true
        },
        "underscore": {
          "version": "1.8.3",
          "bundled": true
        },
        "unorm": {
          "version": "1.4.1",
          "bundled": true
        },
        "util-deprecate": {
          "version": "1.0.2",
          "bundled": true
        },
        "wrappy": {
          "version": "1.0.2",
          "bundled": true
        },
        "xmlbuilder": {
          "version": "4.0.0",
          "bundled": true,
          "requires": {
            "lodash": "3.10.1"
          }
        },
        "xmldom": {
          "version": "0.1.27",
          "bundled": true
        }
      }
    },
    "cordova-plugin-device": {
      "version": "1.1.6",
      "resolved": "https://registry.npmjs.org/cordova-plugin-device/-/cordova-plugin-device-1.1.6.tgz",
      "integrity": "sha1-LSF2TK18m4AVI+TgmjDgJLJJM0s="
    },
    "cordova-plugin-inappbrowser": {
      "version": "1.7.1",
      "resolved": "https://registry.npmjs.org/cordova-plugin-inappbrowser/-/cordova-plugin-inappbrowser-1.7.1.tgz",
      "integrity": "sha1-Q1tD9ZH+e/qV6pjb4ABIQf5ZulE="
    },
    "cordova-plugin-splashscreen": {
      "version": "4.0.3",
      "resolved": "https://registry.npmjs.org/cordova-plugin-splashscreen/-/cordova-plugin-splashscreen-4.0.3.tgz",
      "integrity": "sha1-dzzRNjwfO6y5kBZj6eN5PdPgoZ0="
    },
    "cordova-plugin-statusbar": {
      "version": "2.2.3",
      "resolved": "https://registry.npmjs.org/cordova-plugin-statusbar/-/cordova-plugin-statusbar-2.2.3.tgz",
      "integrity": "sha1-UcXgKtQzvr0LDcl3pEbrkd/uFQI="
    },
    "cordova-plugin-whitelist": {
      "version": "1.3.2",
      "resolved": "https://registry.npmjs.org/cordova-plugin-whitelist/-/cordova-plugin-whitelist-1.3.2.tgz",
      "integrity": "sha1-W2M1/rn1MB88ATuQlsuIhb29UHY="
    },
    "cordova-sqlite-storage": {
      "version": "2.1.2",
      "resolved": "https://registry.npmjs.org/cordova-sqlite-storage/-/cordova-sqlite-storage-2.1.2.tgz",
      "integrity": "sha1-+zzMhC0Ij95VE7fTFgqIMZ+3LqQ=",
      "requires": {
        "cordova-sqlite-storage-dependencies": "1.0.4"
      }
    },
    "cordova-sqlite-storage-dependencies": {
      "version": "1.0.4",
      "resolved": "https://registry.npmjs.org/cordova-sqlite-storage-dependencies/-/cordova-sqlite-storage-dependencies-1.0.4.tgz",
      "integrity": "sha1-gnmvyNg7AWG/p92cIoqCf13YFF4="
    },
    "core-util-is": {
      "version": "1.0.2",
      "resolved": "https://registry.npmjs.org/core-util-is/-/core-util-is-1.0.2.tgz",
      "integrity": "sha1-tf1UIgqivFq1eqtxQMlAdUUDwac="
    },
    "corslite": {
      "version": "0.0.7",
      "resolved": "https://registry.npmjs.org/corslite/-/corslite-0.0.7.tgz",
      "integrity": "sha1-jkUdtTIKdVbeHveNm9NWY0MHdyE="
    },
    "csv2geojson": {
      "version": "5.0.2",
      "resolved": "https://registry.npmjs.org/csv2geojson/-/csv2geojson-5.0.2.tgz",
      "integrity": "sha1-q9ZJ8uxXaJIZrU8Z0zO+dUVrb1k=",
      "requires": {
        "concat-stream": "1.5.2",
        "d3-dsv": "1.0.1",
        "optimist": "0.6.1",
        "sexagesimal": "0.5.0"
      },
      "dependencies": {
        "concat-stream": {
          "version": "1.5.2",
          "resolved": "https://registry.npmjs.org/concat-stream/-/concat-stream-1.5.2.tgz",
          "integrity": "sha1-cIl4Yk2FavQaWnQd790mHadSwmY=",
          "requires": {
            "inherits": "2.0.3",
            "readable-stream": "2.0.6",
            "typedarray": "0.0.6"
          }
        },
        "isarray": {
          "version": "1.0.0",
          "resolved": "https://registry.npmjs.org/isarray/-/isarray-1.0.0.tgz",
          "integrity": "sha1-u5NdSFgsuhaMBoNJV6VKPgcSTxE="
        },
        "readable-stream": {
          "version": "2.0.6",
          "resolved": "https://registry.npmjs.org/readable-stream/-/readable-stream-2.0.6.tgz",
          "integrity": "sha1-j5A0HmilPMySh4jaz80Rs265t44=",
          "requires": {
            "core-util-is": "1.0.2",
            "inherits": "2.0.3",
            "isarray": "1.0.0",
            "process-nextick-args": "1.0.7",
            "string_decoder": "0.10.31",
            "util-deprecate": "1.0.2"
          }
        }
      }
    },
    "d3": {
      "version": "3.5.17",
      "resolved": "https://registry.npmjs.org/d3/-/d3-3.5.17.tgz",
      "integrity": "sha1-vEZ0gAQ3iyGjYMn8fPUjF5B2L7g="
    },
    "d3-dsv": {
      "version": "1.0.1",
      "resolved": "https://registry.npmjs.org/d3-dsv/-/d3-dsv-1.0.1.tgz",
      "integrity": "sha1-1JU0fATLHg0mVXu9xHdcTRGiReo=",
      "requires": {
        "rw": "1.3.3"
      }
    },
    "d3-geo-projection": {
      "version": "0.2.16",
      "resolved": "https://registry.npmjs.org/d3-geo-projection/-/d3-geo-projection-0.2.16.tgz",
      "integrity": "sha1-SZTs0QM92xUztsTFUoocgdzClCc=",
      "requires": {
        "brfs": "1.4.3"
      }
    },
    "d3-queue": {
      "version": "2.0.3",
      "resolved": "https://registry.npmjs.org/d3-queue/-/d3-queue-2.0.3.tgz",
      "integrity": "sha1-B/vaOsrlNYqcUpmq+ICt8JU+0sI="
    },
    "duplexer2": {
      "version": "0.0.2",
      "resolved": "https://registry.npmjs.org/duplexer2/-/duplexer2-0.0.2.tgz",
      "integrity": "sha1-xhTc9n4vsUmVqRcR5aYX6KYKMds=",
      "requires": {
        "readable-stream": "1.1.14"
      },
      "dependencies": {
        "readable-stream": {
          "version": "1.1.14",
          "resolved": "https://registry.npmjs.org/readable-stream/-/readable-stream-1.1.14.tgz",
          "integrity": "sha1-fPTFTvZI44EwhMY23SB54WbAgdk=",
          "requires": {
            "core-util-is": "1.0.2",
            "inherits": "2.0.3",
            "isarray": "0.0.1",
            "string_decoder": "0.10.31"
          }
        }
      }
    },
    "es3ify": {
      "version": "0.1.4",
      "resolved": "https://registry.npmjs.org/es3ify/-/es3ify-0.1.4.tgz",
      "integrity": "sha1-rZ+l3xrjTz8x4SEbWBiy1RB439E=",
      "requires": {
        "esprima-fb": "3001.1.0-dev-harmony-fb",
        "jstransform": "3.0.0",
        "through": "2.3.8"
      }
    },
    "es6-promise": {
      "version": "4.1.1",
      "resolved": "https://registry.npmjs.org/es6-promise/-/es6-promise-4.1.1.tgz",
      "integrity": "sha512-OaU1hHjgJf+b0NzsxCg7NdIYERD6Hy/PEmFLTjw+b65scuisG3Kt4QoTvJ66BBkPZ581gr0kpoVzKnxniM8nng=="
    },
    "escodegen": {
      "version": "1.3.3",
      "resolved": "https://registry.npmjs.org/escodegen/-/escodegen-1.3.3.tgz",
      "integrity": "sha1-8CQBb1qI4Eb9EgBQVek5gC5sXyM=",
      "requires": {
        "esprima": "1.1.1",
        "estraverse": "1.5.1",
        "esutils": "1.0.0",
        "source-map": "0.1.43"
      },
      "dependencies": {
        "esprima": {
          "version": "1.1.1",
          "resolved": "https://registry.npmjs.org/esprima/-/esprima-1.1.1.tgz",
          "integrity": "sha1-W28VR/TRAuZw4UDFCb5ncdautUk="
        },
        "source-map": {
          "version": "0.1.43",
          "resolved": "https://registry.npmjs.org/source-map/-/source-map-0.1.43.tgz",
          "integrity": "sha1-wkvBRspRfBRx9drL4lcbK3+eM0Y=",
          "optional": true,
          "requires": {
            "amdefine": "1.0.1"
          }
        }
      }
    },
    "esmangle-evaluator": {
      "version": "1.0.1",
      "resolved": "https://registry.npmjs.org/esmangle-evaluator/-/esmangle-evaluator-1.0.1.tgz",
      "integrity": "sha1-Yg2GbvSGGzMR91dm1SqFcrs8YzY="
    },
    "esprima-fb": {
      "version": "3001.1.0-dev-harmony-fb",
      "resolved": "https://registry.npmjs.org/esprima-fb/-/esprima-fb-3001.0001.0000-dev-harmony-fb.tgz",
      "integrity": "sha1-t303q8046gt3Qmu4vCkizmtCZBE="
    },
    "estraverse": {
      "version": "1.5.1",
      "resolved": "https://registry.npmjs.org/estraverse/-/estraverse-1.5.1.tgz",
      "integrity": "sha1-hno+jlip+EYYr7bC3bzZFrfLr3E="
    },
    "esutils": {
      "version": "1.0.0",
      "resolved": "https://registry.npmjs.org/esutils/-/esutils-1.0.0.tgz",
      "integrity": "sha1-gVHTWOIMisx/t0XnRywAJf5JZXA="
    },
    "falafel": {
      "version": "1.2.0",
      "resolved": "https://registry.npmjs.org/falafel/-/falafel-1.2.0.tgz",
      "integrity": "sha1-wY0k71CRF0pJfzGM0ksCaiXN2rQ=",
      "requires": {
        "acorn": "1.2.2",
        "foreach": "2.0.5",
        "isarray": "0.0.1",
        "object-keys": "1.0.11"
      }
    },
    "foreach": {
      "version": "2.0.5",
      "resolved": "https://registry.npmjs.org/foreach/-/foreach-2.0.5.tgz",
      "integrity": "sha1-C+4AUBiusmDQo6865ljdATbsG5k="
    },
    "function-bind": {
      "version": "1.1.1",
      "resolved": "https://registry.npmjs.org/function-bind/-/function-bind-1.1.1.tgz",
      "integrity": "sha512-yIovAzMX49sF8Yl58fSCWJ5svSLuaibPxXQJFLmBObTuCr0Mf1KiPopGM9NiFjiYBCbfaa2Fh6breQ6ANVTI0A=="
    },
    "has": {
      "version": "1.0.1",
      "resolved": "https://registry.npmjs.org/has/-/has-1.0.1.tgz",
      "integrity": "sha1-hGFzP1OLCDfJNh45qauelwTcLyg=",
      "requires": {
        "function-bind": "1.1.1"
      }
    },
    "iconv-lite": {
      "version": "0.2.11",
      "resolved": "https://registry.npmjs.org/iconv-lite/-/iconv-lite-0.2.11.tgz",
      "integrity": "sha1-HOYKOleGSiktEyH/RgnKS7llrcg="
    },
    "immediate": {
      "version": "3.0.6",
      "resolved": "https://registry.npmjs.org/immediate/-/immediate-3.0.6.tgz",
      "integrity": "sha1-nbHb0Pr43m++D13V5Wu2BigN5ps="
    },
    "inherits": {
      "version": "2.0.3",
      "resolved": "https://registry.npmjs.org/inherits/-/inherits-2.0.3.tgz",
      "integrity": "sha1-Yzwsg+PaQqUC9SRmAiSA9CCCYd4="
    },
    "inline-process-browser": {
      "version": "1.0.0",
      "resolved": "https://registry.npmjs.org/inline-process-browser/-/inline-process-browser-1.0.0.tgz",
      "integrity": "sha1-RqYbFT3TybFiSxoAYm7bT39BTyI=",
      "requires": {
        "falafel": "1.2.0",
        "through2": "0.6.5"
      }
    },
    "ionic-plugin-keyboard": {
      "version": "2.2.1",
      "resolved": "https://registry.npmjs.org/ionic-plugin-keyboard/-/ionic-plugin-keyboard-2.2.1.tgz",
      "integrity": "sha1-8qnhabvptVIkADR8n9bTRn7j+hI="
    },
    "ionic2-super-tabs": {
      "version": "4.1.0",
      "resolved": "https://registry.npmjs.org/ionic2-super-tabs/-/ionic2-super-tabs-4.1.0.tgz",
      "integrity": "sha512-k6GAkS0sJ9SsTeekhGXqZzJq1UwC+191jUYN+b/XmotOYOYCToUSYW9dhxihhgYnsk4f+GsNQeaEEVk+N9pi2A=="
    },
    "ionicons": {
      "version": "3.0.0",
      "resolved": "https://registry.npmjs.org/ionicons/-/ionicons-3.0.0.tgz",
      "integrity": "sha1-QLja9P16MRUL0AIWD2ZJbiKpjDw="
    },
    "isarray": {
      "version": "0.0.1",
      "resolved": "https://registry.npmjs.org/isarray/-/isarray-0.0.1.tgz",
      "integrity": "sha1-ihis/Kmo9Bd+Cav8YDiTmwXR7t8="
    },
    "iso8601-duration": {
      "version": "1.1.1",
      "resolved": "https://registry.npmjs.org/iso8601-duration/-/iso8601-duration-1.1.1.tgz",
      "integrity": "sha512-dE/f+GO/ptSFgsM7ccVOYb/82PdCrSAHdmFZgAKwdoUWq8NHg5ygohklQBqVoqcN+CHPwE+f+pWuu2HZPnBU/Q=="
    },
    "jstransform": {
      "version": "3.0.0",
      "resolved": "https://registry.npmjs.org/jstransform/-/jstransform-3.0.0.tgz",
      "integrity": "sha1-olkats7o2XvzvoMNv6IxO4fNZAs=",
      "requires": {
        "base62": "0.1.1",
        "esprima-fb": "3001.1.0-dev-harmony-fb",
        "source-map": "0.1.31"
      }
    },
    "leaflet": {
      "version": "1.2.0",
      "resolved": "https://registry.npmjs.org/leaflet/-/leaflet-1.2.0.tgz",
      "integrity": "sha512-Bold8phAE6WcRsuwhofrQ7cOK1REFHaYIkKuj7+TBYK3ONKRpGGIb5oXR5akYotFnrWN0TWKh6Svlhflm3dogg=="
    },
    "leaflet-omnivore": {
      "version": "0.3.4",
      "resolved": "https://registry.npmjs.org/leaflet-omnivore/-/leaflet-omnivore-0.3.4.tgz",
      "integrity": "sha1-v6fC4eah19wIAqn1q+6Nn+vxeuw=",
      "requires": {
        "brfs": "1.4.3",
        "corslite": "0.0.7",
        "csv2geojson": "5.0.2",
        "polyline": "0.2.0",
        "togeojson": "0.13.0",
        "topojson": "1.6.26",
        "wellknown": "0.4.2"
      },
      "dependencies": {
        "concat-stream": {
          "version": "1.4.10",
          "resolved": "https://registry.npmjs.org/concat-stream/-/concat-stream-1.4.10.tgz",
          "integrity": "sha1-rMO79WAsuMyYDGrIQPp9hgPj7zY=",
          "requires": {
            "inherits": "2.0.3",
            "readable-stream": "1.1.14",
            "typedarray": "0.0.6"
          }
        },
        "minimist": {
          "version": "0.0.8",
          "resolved": "https://registry.npmjs.org/minimist/-/minimist-0.0.8.tgz",
          "integrity": "sha1-hX/Kv8M5fSYluCKCYuhqp6ARsF0="
        },
        "readable-stream": {
          "version": "1.1.14",
          "resolved": "https://registry.npmjs.org/readable-stream/-/readable-stream-1.1.14.tgz",
          "integrity": "sha1-fPTFTvZI44EwhMY23SB54WbAgdk=",
          "requires": {
            "core-util-is": "1.0.2",
            "inherits": "2.0.3",
            "isarray": "0.0.1",
            "string_decoder": "0.10.31"
          }
        },
        "togeojson": {
          "version": "0.13.0",
          "resolved": "https://registry.npmjs.org/togeojson/-/togeojson-0.13.0.tgz",
          "integrity": "sha1-BpiJCgYpN1WA8lRogBRleuk76JQ=",
          "requires": {
            "concat-stream": "1.4.10",
            "minimist": "0.0.8",
            "xmldom": "0.1.27"
          }
        }
      }
    },
    "lie": {
      "version": "3.0.2",
      "resolved": "https://registry.npmjs.org/lie/-/lie-3.0.2.tgz",
      "integrity": "sha1-/9oh17uibzd8rYZdNkmy/Izjn+o=",
      "requires": {
        "es3ify": "0.1.4",
        "immediate": "3.0.6",
        "inline-process-browser": "1.0.0",
        "unreachable-branch-transform": "0.3.0"
      }
    },
    "localforage": {
      "version": "1.4.3",
      "resolved": "https://registry.npmjs.org/localforage/-/localforage-1.4.3.tgz",
      "integrity": "sha1-ohJUPDnHx2Qk7dEr9HTEiarKSUw=",
      "requires": {
        "lie": "3.0.2"
      }
    },
    "localforage-cordovasqlitedriver": {
      "version": "1.5.0",
      "resolved": "https://registry.npmjs.org/localforage-cordovasqlitedriver/-/localforage-cordovasqlitedriver-1.5.0.tgz",
      "integrity": "sha1-+TR4nmrZo5usBf3RFogS9DhTV2I=",
      "requires": {
        "@types/localforage": "0.0.30",
        "localforage": "1.4.3"
      }
    },
    "mapbox": {
      "version": "1.0.0-beta9",
      "resolved": "https://registry.npmjs.org/mapbox/-/mapbox-1.0.0-beta9.tgz",
      "integrity": "sha1-WAu6zZmQu+EPL3Kf9AMaO4mNJ6Q=",
      "requires": {
        "es6-promise": "4.1.1",
        "rest": "2.0.0"
      }
    },
    "minimist": {
      "version": "1.2.0",
      "resolved": "https://registry.npmjs.org/minimist/-/minimist-1.2.0.tgz",
      "integrity": "sha1-o1AIsg9BOD7sH7kU9M1d95omQoQ="
    },
    "moment": {
      "version": "2.18.1",
      "resolved": "https://registry.npmjs.org/moment/-/moment-2.18.1.tgz",
      "integrity": "sha1-w2GT3Tzhwu7SrbfIAtu8d6gbHA8="
    },
    "ng2-charts": {
      "version": "1.6.0",
      "resolved": "https://registry.npmjs.org/ng2-charts/-/ng2-charts-1.6.0.tgz",
      "integrity": "sha512-9w0WH69x5/nuqC1og2WaY39NbaBqTGIP1+5gZaH7/KPN6UEPonNg/pYnsIVklLj1DWPWXKa8+XXIJZ1jy5nLxg==",
      "requires": {
        "chart.js": "2.7.0"
      }
    },
    "object-inspect": {
      "version": "0.4.0",
      "resolved": "https://registry.npmjs.org/object-inspect/-/object-inspect-0.4.0.tgz",
      "integrity": "sha1-9RV8EWwUVbJDsG7pdwM5LFrYn+w="
    },
    "object-keys": {
      "version": "1.0.11",
      "resolved": "https://registry.npmjs.org/object-keys/-/object-keys-1.0.11.tgz",
      "integrity": "sha1-xUYBd4rVYPEULODgG8yotW0TQm0="
    },
    "optimist": {
      "version": "0.6.1",
      "resolved": "https://registry.npmjs.org/optimist/-/optimist-0.6.1.tgz",
      "integrity": "sha1-2j6nRob6IaGaERwybpDrFaAZZoY=",
      "requires": {
        "minimist": "0.0.10",
        "wordwrap": "0.0.3"
      },
      "dependencies": {
        "minimist": {
          "version": "0.0.10",
          "resolved": "https://registry.npmjs.org/minimist/-/minimist-0.0.10.tgz",
          "integrity": "sha1-3j+YVD2/lggr5IrRoMfNqDYwHc8="
        }
      }
    },
    "path-parse": {
      "version": "1.0.5",
      "resolved": "https://registry.npmjs.org/path-parse/-/path-parse-1.0.5.tgz",
      "integrity": "sha1-PBrfhx6pzWyUMbbqK9dKD/BVxME="
    },
    "path-to-regexp": {
      "version": "1.7.0",
      "resolved": "https://registry.npmjs.org/path-to-regexp/-/path-to-regexp-1.7.0.tgz",
      "integrity": "sha1-Wf3g9DW62suhA6hOnTvGTpa5k30=",
      "requires": {
        "isarray": "0.0.1"
      }
    },
    "polyline": {
      "version": "0.2.0",
      "resolved": "https://registry.npmjs.org/polyline/-/polyline-0.2.0.tgz",
      "integrity": "sha1-TytxbKgRNKbLqkiJddI27LHMKEA="
    },
    "private": {
      "version": "0.1.8",
      "resolved": "https://registry.npmjs.org/private/-/private-0.1.8.tgz",
      "integrity": "sha1-I4Hts2ifelPWUxkAYPz4ItLzaP8="
    },
    "process-nextick-args": {
      "version": "1.0.7",
      "resolved": "https://registry.npmjs.org/process-nextick-args/-/process-nextick-args-1.0.7.tgz",
      "integrity": "sha1-FQ4gt1ZZCtP5EJPyWk8q2L/zC6M="
    },
    "quote-stream": {
      "version": "1.0.2",
      "resolved": "https://registry.npmjs.org/quote-stream/-/quote-stream-1.0.2.tgz",
      "integrity": "sha1-hJY/jJwmuULhU/7rU6rnRlK34LI=",
      "requires": {
        "buffer-equal": "0.0.1",
        "minimist": "1.2.0",
        "through2": "2.0.3"
      },
      "dependencies": {
        "isarray": {
          "version": "1.0.0",
          "resolved": "https://registry.npmjs.org/isarray/-/isarray-1.0.0.tgz",
          "integrity": "sha1-u5NdSFgsuhaMBoNJV6VKPgcSTxE="
        },
        "readable-stream": {
          "version": "2.3.3",
          "resolved": "https://registry.npmjs.org/readable-stream/-/readable-stream-2.3.3.tgz",
          "integrity": "sha512-m+qzzcn7KUxEmd1gMbchF+Y2eIUbieUaxkWtptyHywrX0rE8QEYqPC07Vuy4Wm32/xE16NcdBctb8S0Xe/5IeQ==",
          "requires": {
            "core-util-is": "1.0.2",
            "inherits": "2.0.3",
            "isarray": "1.0.0",
            "process-nextick-args": "1.0.7",
            "safe-buffer": "5.1.1",
            "string_decoder": "1.0.3",
            "util-deprecate": "1.0.2"
          }
        },
        "string_decoder": {
          "version": "1.0.3",
          "resolved": "https://registry.npmjs.org/string_decoder/-/string_decoder-1.0.3.tgz",
          "integrity": "sha512-4AH6Z5fzNNBcH+6XDMfA/BTt87skxqJlO0lAh3Dker5zThcAxG6mKz+iGu308UKoPPQ8Dcqx/4JhujzltRa+hQ==",
          "requires": {
            "safe-buffer": "5.1.1"
          }
        },
        "through2": {
          "version": "2.0.3",
          "resolved": "https://registry.npmjs.org/through2/-/through2-2.0.3.tgz",
          "integrity": "sha1-AARWmzfHx0ujnEPzzteNGtlBQL4=",
          "requires": {
            "readable-stream": "2.3.3",
            "xtend": "4.0.1"
          }
        }
      }
    },
    "readable-stream": {
      "version": "1.0.34",
      "resolved": "https://registry.npmjs.org/readable-stream/-/readable-stream-1.0.34.tgz",
      "integrity": "sha1-Elgg40vIQtLyqq+v5MKRbuMsFXw=",
      "requires": {
        "core-util-is": "1.0.2",
        "inherits": "2.0.3",
        "isarray": "0.0.1",
        "string_decoder": "0.10.31"
      }
    },
    "recast": {
      "version": "0.10.43",
      "resolved": "https://registry.npmjs.org/recast/-/recast-0.10.43.tgz",
      "integrity": "sha1-uV1Q9tYHYaX2JS4V2AZ4FoSRzn8=",
      "requires": {
        "ast-types": "0.8.15",
        "esprima-fb": "15001.1001.0-dev-harmony-fb",
        "private": "0.1.8",
        "source-map": "0.5.7"
      },
      "dependencies": {
        "esprima-fb": {
          "version": "15001.1001.0-dev-harmony-fb",
          "resolved": "https://registry.npmjs.org/esprima-fb/-/esprima-fb-15001.1001.0-dev-harmony-fb.tgz",
          "integrity": "sha1-Q761fsJujPI3092LM+QlM1d/Jlk="
        },
        "source-map": {
          "version": "0.5.7",
          "resolved": "https://registry.npmjs.org/source-map/-/source-map-0.5.7.tgz",
          "integrity": "sha1-igOdLRAh0i0eoUyA2OpGi6LvP8w="
        }
      }
    },
    "resolve": {
      "version": "1.5.0",
      "resolved": "https://registry.npmjs.org/resolve/-/resolve-1.5.0.tgz",
      "integrity": "sha512-hgoSGrc3pjzAPHNBg+KnFcK2HwlHTs/YrAGUr6qgTVUZmXv1UEXXl0bZNBKMA9fud6lRYFdPGz0xXxycPzmmiw==",
      "requires": {
        "path-parse": "1.0.5"
      }
    },
    "rest": {
      "version": "2.0.0",
      "resolved": "https://registry.npmjs.org/rest/-/rest-2.0.0.tgz",
      "integrity": "sha1-bfrfZqQFxJz71bS9JbWf0pzYYbw="
    },
    "rw": {
      "version": "1.3.3",
      "resolved": "https://registry.npmjs.org/rw/-/rw-1.3.3.tgz",
      "integrity": "sha1-P4Yt+pGrdmsUiF700BEkv9oHT7Q="
    },
    "rxjs": {
      "version": "5.4.3",
      "resolved": "https://registry.npmjs.org/rxjs/-/rxjs-5.4.3.tgz",
      "integrity": "sha512-fSNi+y+P9ss+EZuV0GcIIqPUK07DEaMRUtLJvdcvMyFjc9dizuDjere+A4V7JrLGnm9iCc+nagV/4QdMTkqC4A==",
      "requires": {
        "symbol-observable": "1.0.4"
      }
    },
    "safe-buffer": {
      "version": "5.1.1",
      "resolved": "https://registry.npmjs.org/safe-buffer/-/safe-buffer-5.1.1.tgz",
      "integrity": "sha512-kKvNJn6Mm93gAczWVJg7wH+wGYWNrDHdWvpUmHyEsgCtIwwo3bqPtV4tR5tuPaUhTOo/kvhVwd8XwwOllGYkbg=="
    },
    "serviceworker-cache-polyfill": {
      "version": "4.0.0",
      "resolved": "https://registry.npmjs.org/serviceworker-cache-polyfill/-/serviceworker-cache-polyfill-4.0.0.tgz",
      "integrity": "sha1-3hnuc77yGrPAdAo3sz22JGS6ves="
    },
    "sexagesimal": {
      "version": "0.5.0",
      "resolved": "https://registry.npmjs.org/sexagesimal/-/sexagesimal-0.5.0.tgz",
      "integrity": "sha1-nYFb0r3dY0tiW6aFG/j+dKWtPvM="
    },
    "shallow-copy": {
      "version": "0.0.1",
      "resolved": "https://registry.npmjs.org/shallow-copy/-/shallow-copy-0.0.1.tgz",
      "integrity": "sha1-QV9CcC1z2BAzApLMXuhurhoRoXA="
    },
    "shapefile": {
      "version": "0.3.1",
      "resolved": "https://registry.npmjs.org/shapefile/-/shapefile-0.3.1.tgz",
      "integrity": "sha1-m7mkKb1ghqDPsDli0Uz99CD/uhI=",
      "requires": {
        "d3-queue": "1.2.3",
        "iconv-lite": "0.2.11",
        "optimist": "0.3.7"
      },
      "dependencies": {
        "d3-queue": {
          "version": "1.2.3",
          "resolved": "https://registry.npmjs.org/d3-queue/-/d3-queue-1.2.3.tgz",
          "integrity": "sha1-FDpwHPpl/gISkvMhwQ0U6Yq9SRs="
        },
        "optimist": {
          "version": "0.3.7",
          "resolved": "https://registry.npmjs.org/optimist/-/optimist-0.3.7.tgz",
          "integrity": "sha1-yQlBrVnkJzMokjB00s8ufLxuwNk=",
          "requires": {
            "wordwrap": "0.0.3"
          }
        }
      }
    },
    "source-map": {
      "version": "0.1.31",
      "resolved": "https://registry.npmjs.org/source-map/-/source-map-0.1.31.tgz",
      "integrity": "sha1-n3BNDWnZ4TioG63267T94z0VHGE=",
      "requires": {
        "amdefine": "1.0.1"
      }
    },
    "static-eval": {
      "version": "0.2.4",
      "resolved": "https://registry.npmjs.org/static-eval/-/static-eval-0.2.4.tgz",
      "integrity": "sha1-t9NNg4k3uWn5ZBygfUj47eJj6ns=",
      "requires": {
        "escodegen": "0.0.28"
      },
      "dependencies": {
        "escodegen": {
          "version": "0.0.28",
          "resolved": "https://registry.npmjs.org/escodegen/-/escodegen-0.0.28.tgz",
          "integrity": "sha1-Dk/xcV8yh3XWyrUaxEpAbNer/9M=",
          "requires": {
            "esprima": "1.0.4",
            "estraverse": "1.3.2",
            "source-map": "0.1.31"
          }
        },
        "esprima": {
          "version": "1.0.4",
          "resolved": "https://registry.npmjs.org/esprima/-/esprima-1.0.4.tgz",
          "integrity": "sha1-n1V+CPw7TSbs6d00+Pv0drYlha0="
        },
        "estraverse": {
          "version": "1.3.2",
          "resolved": "https://registry.npmjs.org/estraverse/-/estraverse-1.3.2.tgz",
          "integrity": "sha1-N8K4k+8T1yPydth41g2FNRUqbEI="
        }
      }
    },
    "static-module": {
      "version": "1.5.0",
      "resolved": "https://registry.npmjs.org/static-module/-/static-module-1.5.0.tgz",
      "integrity": "sha1-J9qYg8QajNCSNvhC8MHrxu32PYY=",
      "requires": {
        "concat-stream": "1.6.0",
        "duplexer2": "0.0.2",
        "escodegen": "1.3.3",
        "falafel": "2.1.0",
        "has": "1.0.1",
        "object-inspect": "0.4.0",
        "quote-stream": "0.0.0",
        "readable-stream": "1.0.34",
        "shallow-copy": "0.0.1",
        "static-eval": "0.2.4",
        "through2": "0.4.2"
      },
      "dependencies": {
        "acorn": {
          "version": "5.2.1",
          "resolved": "https://registry.npmjs.org/acorn/-/acorn-5.2.1.tgz",
          "integrity": "sha512-jG0u7c4Ly+3QkkW18V+NRDN+4bWHdln30NL1ZL2AvFZZmQe/BfopYCtghCKKVBUSetZ4QKcyA0pY6/4Gw8Pv8w=="
        },
        "falafel": {
          "version": "2.1.0",
          "resolved": "https://registry.npmjs.org/falafel/-/falafel-2.1.0.tgz",
          "integrity": "sha1-lrsXdh2rqU9G0AFzizzt86Z/4Gw=",
          "requires": {
            "acorn": "5.2.1",
            "foreach": "2.0.5",
            "isarray": "0.0.1",
            "object-keys": "1.0.11"
          }
        },
        "minimist": {
          "version": "0.0.8",
          "resolved": "https://registry.npmjs.org/minimist/-/minimist-0.0.8.tgz",
          "integrity": "sha1-hX/Kv8M5fSYluCKCYuhqp6ARsF0="
        },
        "quote-stream": {
          "version": "0.0.0",
          "resolved": "https://registry.npmjs.org/quote-stream/-/quote-stream-0.0.0.tgz",
          "integrity": "sha1-zeKelMQJsW4Z3HCYuJtmWPlyHTs=",
          "requires": {
            "minimist": "0.0.8",
            "through2": "0.4.2"
          }
        },
        "through2": {
          "version": "0.4.2",
          "resolved": "https://registry.npmjs.org/through2/-/through2-0.4.2.tgz",
          "integrity": "sha1-2/WGYDEVHsg1K7bE22SiKSqEC5s=",
          "requires": {
            "readable-stream": "1.0.34",
            "xtend": "2.1.2"
          }
        },
        "xtend": {
          "version": "2.1.2",
          "resolved": "https://registry.npmjs.org/xtend/-/xtend-2.1.2.tgz",
          "integrity": "sha1-bv7MKk2tjmlixJAbM3znuoe10os=",
          "requires": {
            "object-keys": "0.4.0"
          },
          "dependencies": {
            "object-keys": {
              "version": "0.4.0",
              "resolved": "https://registry.npmjs.org/object-keys/-/object-keys-0.4.0.tgz",
              "integrity": "sha1-KKaq50KN0sOpLz2V8hM13SBOAzY="
            }
          }
        }
      }
    },
    "string_decoder": {
      "version": "0.10.31",
      "resolved": "https://registry.npmjs.org/string_decoder/-/string_decoder-0.10.31.tgz",
      "integrity": "sha1-YuIDvEF2bGwoyfyEMB2rHFMQ+pQ="
    },
    "sw-toolbox": {
      "version": "3.6.0",
      "resolved": "https://registry.npmjs.org/sw-toolbox/-/sw-toolbox-3.6.0.tgz",
      "integrity": "sha1-Jt8dHHA0hljk3qKIQxkUm3sxg7U=",
      "requires": {
        "path-to-regexp": "1.7.0",
        "serviceworker-cache-polyfill": "4.0.0"
      }
    },
    "symbol-observable": {
      "version": "1.0.4",
      "resolved": "https://registry.npmjs.org/symbol-observable/-/symbol-observable-1.0.4.tgz",
      "integrity": "sha1-Kb9hXUqnEhvdiYsi1LP5vE4qoD0="
    },
    "through": {
      "version": "2.3.8",
      "resolved": "https://registry.npmjs.org/through/-/through-2.3.8.tgz",
      "integrity": "sha1-DdTJ/6q8NXlgsbckEV1+Doai4fU="
    },
    "through2": {
      "version": "0.6.5",
      "resolved": "https://registry.npmjs.org/through2/-/through2-0.6.5.tgz",
      "integrity": "sha1-QaucZ7KdVyCQcUEOHXp6lozTrUg=",
      "requires": {
        "readable-stream": "1.0.34",
        "xtend": "4.0.1"
      }
    },
    "topojson": {
      "version": "1.6.26",
      "resolved": "https://registry.npmjs.org/topojson/-/topojson-1.6.26.tgz",
      "integrity": "sha1-Nl+IpeGFirBkhy2bloSW+pI4V60=",
      "requires": {
        "d3": "3.5.17",
        "d3-geo-projection": "0.2.16",
        "d3-queue": "2.0.3",
        "optimist": "0.3.7",
        "rw": "1.3.3",
        "shapefile": "0.3.1"
      },
      "dependencies": {
        "optimist": {
          "version": "0.3.7",
          "resolved": "https://registry.npmjs.org/optimist/-/optimist-0.3.7.tgz",
          "integrity": "sha1-yQlBrVnkJzMokjB00s8ufLxuwNk=",
          "requires": {
            "wordwrap": "0.0.3"
          }
        }
      }
    },
    "typedarray": {
      "version": "0.0.6",
      "resolved": "https://registry.npmjs.org/typedarray/-/typedarray-0.0.6.tgz",
      "integrity": "sha1-hnrHTjhkGHsdPUfZlqeOxciDB3c="
    },
    "uk.co.workingedge.cordova.plugin.sqliteporter": {
      "version": "1.0.2",
      "resolved": "https://registry.npmjs.org/uk.co.workingedge.cordova.plugin.sqliteporter/-/uk.co.workingedge.cordova.plugin.sqliteporter-1.0.2.tgz",
      "integrity": "sha1-Piwt8MqvwlcJH1KLV+IyfkZ9f+4="
    },
    "unreachable-branch-transform": {
      "version": "0.3.0",
      "resolved": "https://registry.npmjs.org/unreachable-branch-transform/-/unreachable-branch-transform-0.3.0.tgz",
      "integrity": "sha1-2ZzExudG0mSSiEW2EdtUsPNHTKo=",
      "requires": {
        "esmangle-evaluator": "1.0.1",
        "recast": "0.10.43",
        "through2": "0.6.5"
      }
    },
    "util-deprecate": {
      "version": "1.0.2",
      "resolved": "https://registry.npmjs.org/util-deprecate/-/util-deprecate-1.0.2.tgz",
      "integrity": "sha1-RQ1Nyfpw3nMnYvvS1KKJgUGaDM8="
    },
    "wellknown": {
      "version": "0.4.2",
      "resolved": "https://registry.npmjs.org/wellknown/-/wellknown-0.4.2.tgz",
      "integrity": "sha1-n037xvV5NOCRD35rP0PDkRYtp/M=",
      "requires": {
        "concat-stream": "1.5.2",
        "minimist": "1.1.3"
      },
      "dependencies": {
        "concat-stream": {
          "version": "1.5.2",
          "resolved": "https://registry.npmjs.org/concat-stream/-/concat-stream-1.5.2.tgz",
          "integrity": "sha1-cIl4Yk2FavQaWnQd790mHadSwmY=",
          "requires": {
            "inherits": "2.0.3",
            "readable-stream": "2.0.6",
            "typedarray": "0.0.6"
          }
        },
        "isarray": {
          "version": "1.0.0",
          "resolved": "https://registry.npmjs.org/isarray/-/isarray-1.0.0.tgz",
          "integrity": "sha1-u5NdSFgsuhaMBoNJV6VKPgcSTxE="
        },
        "minimist": {
          "version": "1.1.3",
          "resolved": "https://registry.npmjs.org/minimist/-/minimist-1.1.3.tgz",
          "integrity": "sha1-O+39kaktOQFvz6ocaB6Pqhoe/ag="
        },
        "readable-stream": {
          "version": "2.0.6",
          "resolved": "https://registry.npmjs.org/readable-stream/-/readable-stream-2.0.6.tgz",
          "integrity": "sha1-j5A0HmilPMySh4jaz80Rs265t44=",
          "requires": {
            "core-util-is": "1.0.2",
            "inherits": "2.0.3",
            "isarray": "1.0.0",
            "process-nextick-args": "1.0.7",
            "string_decoder": "0.10.31",
            "util-deprecate": "1.0.2"
          }
        }
      }
    },
    "wordwrap": {
      "version": "0.0.3",
      "resolved": "https://registry.npmjs.org/wordwrap/-/wordwrap-0.0.3.tgz",
      "integrity": "sha1-o9XabNXAvAAI03I0u68b7WMFkQc="
    },
    "xmldom": {
      "version": "0.1.27",
      "resolved": "https://registry.npmjs.org/xmldom/-/xmldom-0.1.27.tgz",
      "integrity": "sha1-1QH5ezvbQDr4757MIFcxh6rawOk="
    },
    "xtend": {
      "version": "4.0.1",
      "resolved": "https://registry.npmjs.org/xtend/-/xtend-4.0.1.tgz",
      "integrity": "sha1-pcbVMr5lbiPbgg77lDofBJmNY68="
    },
    "zone.js": {
      "version": "0.8.17",
      "resolved": "https://registry.npmjs.org/zone.js/-/zone.js-0.8.17.tgz",
      "integrity": "sha1-TF5RhahX2o2nk9rzkZNxxaNrKgs="
    }
  }
}
